PODS:
  - Flutter (1.0.0)
  - midtrans_sdk (0.3.4):
    - Flutter
    - MidtransKit (= 1.22.0)
  - MidtransCoreKit (1.22.0)
  - MidtransKit (1.22.0):
    - MidtransCoreKit (= 1.22.0)
    - MidtransKit/UI (= 1.22.0)
  - MidtransKit/UI (1.22.0):
    - MidtransCoreKit (= 1.22.0)

DEPENDENCIES:
  - Flutter (from `Flutter`)
  - midtrans_sdk (from `.symlinks/plugins/midtrans_sdk/ios`)

SPEC REPOS:
  trunk:
    - MidtransCoreKit
    - MidtransKit

EXTERNAL SOURCES:
  Flutter:
    :path: Flutter
  midtrans_sdk:
    :path: ".symlinks/plugins/midtrans_sdk/ios"

SPEC CHECKSUMS:
  Flutter: 50d75fe2f02b26cc09d224853bb45737f8b3214a
  midtrans_sdk: aefb9a42b14f5dee771742854d90166770c1ab95
  MidtransCoreKit: 2dd924f57ab36ed674ee1fca240e16fcf709a67d
  MidtransKit: 765b4df4ed57826ae1f1aaf15e4a8b97d0b22683

PODFILE CHECKSUM: cf0c950f7e9a456b4e325f5b8fc0f98906a3705a

COCOAPODS: 1.11.3
